
Microsoft Visual Studio Solution File, Format Version 12.00
# Visual Studio Version 17
VisualStudioVersion = 17.5.002.0
MinimumVisualStudioVersion = 10.0.40219.1
Project("{9A19103F-16F7-4668-BE54-9A1E7A4F7556}") = "Application", "Application\Application.csproj", "{ABD9F58C-0CD0-4F21-BED3-5ED16FC370E7}"
EndProject
Global
	GlobalSection(SolutionConfigurationPlatforms) = preSolution
		Debug|Any CPU = Debug|Any CPU
		Release|Any CPU = Release|Any CPU
	EndGlobalSection
	GlobalSection(ProjectConfigurationPlatforms) = postSolution
		{ABD9F58C-0CD0-4F21-BED3-5ED16FC370E7}.Debug|Any CPU.ActiveCfg = Debug|Any CPU
		{ABD9F58C-0CD0-4F21-BED3-5ED16FC370E7}.Debug|Any CPU.Build.0 = Debug|Any CPU
		{ABD9F58C-0CD0-4F21-BED3-5ED16FC370E7}.Release|Any CPU.ActiveCfg = Release|Any CPU
		{ABD9F58C-0CD0-4F21-BED3-5ED16FC370E7}.Release|Any CPU.Build.0 = Release|Any CPU
	EndGlobalSection
	GlobalSection(SolutionProperties) = preSolution
		HideSolutionNode = FALSE
	EndGlobalSection
	GlobalSection(ExtensibilityGlobals) = postSolution
		SolutionGuid = {DFC273AF-6B67-423C-8A7E-EE2D4A0E9948}
	EndGlobalSection
EndGlobal
